// !$*UTF8*$!
{
	archiveVersion = 1;
	classes = {
	};
	objectVersion = 46;
	objects = {

/* Begin PBXBuildFile section */
		F5C264371E1F65860074B655 /* main.m in Sources */ = {isa = PBXBuildFile; fileRef = F5C264361E1F65860074B655 /* main.m */; };
		F5C2643A1E1F65860074B655 /* AppDelegate.m in Sources */ = {isa = PBXBuildFile; fileRef = F5C264391E1F65860074B655 /* AppDelegate.m */; };
		F5C2643D1E1F65860074B655 /* ViewController.m in Sources */ = {isa = PBXBuildFile; fileRef = F5C2643C1E1F65860074B655 /* ViewController.m */; };
		F5C264401E1F65860074B655 /* Main.storyboard in Resources */ = {isa = PBXBuildFile; fileRef = F5C2643E1E1F65860074B655 /* Main.storyboard */; };
		F5C264451E1F65860074B655 /* LaunchScreen.storyboard in Resources */ = {isa = PBXBuildFile; fileRef = F5C264431E1F65860074B655 /* LaunchScreen.storyboard */; };
		F5C2644D1E1F6A030074B655 /* Assets.xcassets in Resources */ = {isa = PBXBuildFile; fileRef = F5C2644C1E1F6A030074B655 /* Assets.xcassets */; };
/* End PBXBuildFile section */

/* Begin PBXFileReference section */
		F5C264321E1F65860074B655 /* THULayerTest.app */ = {isa = PBXFileReference; explicitFileType = wrapper.application; includeInIndex = 0; path = THULayerTest.app; sourceTree = BUILT_PRODUCTS_DIR; };
		F5C264361E1F65860074B655 /* main.m */ = {isa = PBXFileReference; lastKnownFileType = sourcecode.c.objc; path = main.m; sourceTree = "<group>"; };
		F5C264381E1F65860074B655 /* AppDelegate.h */ = {isa = PBXFileReference; lastKnownFileType = sourcecode.c.h; path = AppDelegate.h; sourceTree = "<group>"; };
		F5C264391E1F65860074B655 /* AppDelegate.m */ = {isa = PBXFileReference; lastKnownFileType = sourcecode.c.objc; path = AppDelegate.m; sourceTree = "<group>"; };
		F5C2643B1E1F65860074B655 /* ViewController.h */ = {isa = PBXFileReference; lastKnownFileType = sourcecode.c.h; path = ViewController.h; sourceTree = "<group>"; };
		F5C2643C1E1F65860074B655 /* ViewController.m */ = {isa = PBXFileReference; lastKnownFileType = sourcecode.c.objc; path = ViewController.m; sourceTree = "<group>"; };
		F5C2643F1E1F65860074B655 /* Base */ = {isa = PBXFileReference; lastKnownFileType = file.storyboard; name = Base; path = Base.lproj/Main.storyboard; sourceTree = "<group>"; };
		F5C264441E1F65860074B655 /* Base */ = {isa = PBXFileReference; lastKnownFileType = file.storyboard; name = Base; path = Base.lproj/LaunchScreen.storyboard; sourceTree = "<group>"; };
		F5C264461E1F65860074B655 /* Info.plist */ = {isa = PBXFileReference; lastKnownFileType = text.plist.xml; path = Info.plist; sourceTree = "<group>"; };
		F5C2644C1E1F6A030074B655 /* Assets.xcassets */ = {isa = PBXFileReference; lastKnownFileType = folder.assetcatalog; path = Assets.xcassets; sourceTree = "<group>"; };
/* End PBXFileReference section */

/* Begin PBXFrameworksBuildPhase section */
		F5C2642F1E1F65860074B655 /* Frameworks */ = {
			isa = PBXFrameworksBuildPhase;
			buildActionMask = 2147483647;
			files = (
			);
			runOnlyForDeploymentPostprocessing = 0;
		};
/* End PBXFrameworksBuildPhase section */

/* Begin PBXGroup section */
		F5C264291E1F65860074B655 = {
			isa = PBXGroup;
			children = (
				F5C264341E1F65860074B655 /* THULayerTest */,
				F5C264331E1F65860074B655 /* Products */,
			);
			sourceTree = "<group>";
		};
		F5C264331E1F65860074B655 /* Products */ = {
			isa = PBXGroup;
			children = (
				F5C264321E1F65860074B655 /* THULayerTest.app */,
			);
			name = Products;
			sourceTree = "<group>";
		};
		F5C264341E1F65860074B655 /* THULayerTest */ = {
			isa = PBXGroup;
			children = (
				F5C264381E1F65860074B655 /* AppDelegate.h */,
				F5C264391E1F65860074B655 /* AppDelegate.m */,
				F5C2643B1E1F65860074B655 /* ViewController.h */,
				F5C2643C1E1F65860074B655 /* ViewController.m */,
				F5C2643E1E1F65860074B655 /* Main.storyboard */,
				F5C264431E1F65860074B655 /* LaunchScreen.storyboard */,
				F5C2644C1E1F6A030074B655 /* Assets.xcassets */,
				F5C264461E1F65860074B655 /* Info.plist */,
				F5C264351E1F65860074B655 /* Supporting Files */,
			);
			path = THULayerTest;
			sourceTree = "<group>";
		};
		F5C264351E1F65860074B655 /* Supporting Files */ = {
			isa = PBXGroup;
			children = (
				F5C264361E1F65860074B655 /* main.m */,
			);
			name = "Supporting Files";
			sourceTree = "<group>";
		};
/* End PBXGroup section */

/* Begin PBXNativeTarget section */
		F5C264311E1F65860074B655 /* THULayerTest */ = {
			isa = PBXNativeTarget;
			buildConfigurationList = F5C264491E1F65860074B655 /* Build configuration list for PBXNativeTarget "THULayerTest" */;
			buildPhases = (
				F5C2642E1E1F65860074B655 /* Sources */,
				F5C2642F1E1F65860074B655 /* Frameworks */,
				F5C264301E1F65860074B655 /* Resources */,
			);
			buildRules = (
			);
			dependencies = (
			);
			name = THULayerTest;
			productName = THULayerTest;
			productReference = F5C264321E1F65860074B655 /* THULayerTest.app */;
			productType = "com.apple.product-type.application";
		};
/* End PBXNativeTarget section */

/* Begin PBXProject section */
		F5C2642A1E1F65860074B655 /* Project object */ = {
			isa = PBXProject;
			attributes = {
				LastUpgradeCheck = 0810;
				ORGANIZATIONNAME = THU;
				TargetAttributes = {
					F5C264311E1F65860074B655 = {
						CreatedOnToolsVersion = 8.1;
						DevelopmentTeam = JPGD28C7PA;
						ProvisioningStyle = Automatic;
					};
				};
			};
			buildConfigurationList = F5C2642D1E1F65860074B655 /* Build configuration list for PBXProject "THULayerTest" */;
			compatibilityVersion = "Xcode 3.2";
			developmentRegion = English;
			hasScannedForEncodings = 0;
			knownRegions = (
				en,
				Base,
			);
			mainGroup = F5C264291E1F65860074B655;
			productRefGroup = F5C264331E1F65860074B655 /* Products */;
			projectDirPath = "";
			projectRoot = "";
			targets = (
				F5C264311E1F65860074B655 /* THULayerTest */,
			);
		};
/* End PBXProject section */

/* Begin PBXResourcesBuildPhase section */
		F5C264301E1F65860074B655 /* Resources */ = {
			isa = PBXResourcesBuildPhase;
			buildActionMask = 2147483647;
			files = (
				F5C264451E1F65860074B655 /* LaunchScreen.storyboard in Resources */,
				F5C2644D1E1F6A030074B655 /* Assets.xcassets in Resources */,
				F5C264401E1F65860074B655 /* Main.storyboard in Resources */,
			);
			runOnlyForDeploymentPostprocessing = 0;
		};
/* End PBXResourcesBuildPhase section */

/* Begin PBXSourcesBuildPhase section */
		F5C2642E1E1F65860074B655 /* Sources */ = {
			isa = PBXSourcesBuildPhase;
			buildActionMask = 2147483647;
			files = (
				F5C2643D1E1F65860074B655 /* ViewController.m in Sources */,
				F5C2643A1E1F65860074B655 /* AppDelegate.m in Sources */,
				F5C264371E1F65860074B655 /* main.m in Sources */,
			);
			runOnlyForDeploymentPostprocessing = 0;
		};
/* End PBXSourcesBuildPhase section */

/* Begin PBXVariantGroup section */
		F5C2643E1E1F65860074B655 /* Main.storyboard */ = {
			isa = PBXVariantGroup;
			children = (
				F5C2643F1E1F65860074B655 /* Base */,
			);
			name = Main.storyboard;
			sourceTree = "<group>";
		};
		F5C264431E1F65860074B655 /* LaunchScreen.storyboard */ = {
			isa = PBXVariantGroup;
			children = (
				F5C264441E1F65860074B655 /* Base */,
			);
			name = LaunchScreen.storyboard;
			sourceTree = "<group>";
		};
/* End PBXVariantGroup section */

/* Begin XCBuildConfiguration section */
		F5C264471E1F65860074B655 /* Debug */ = {
			isa = XCBuildConfiguration;
			buildSettings = {
				ALWAYS_SEARCH_USER_PATHS = NO;
				CLANG_ANALYZER_NONNULL = YES;
				CLANG_CXX_LANGUAGE_STANDARD = "gnu++0x";
				CLANG_CXX_LIBRARY = "libc++";
				CLANG_ENABLE_MODULES = YES;
				CLANG_ENABLE_OBJC_ARC = YES;
				CLANG_WARN_BOOL_CONVERSION = YES;
				CLANG_WARN_CONSTANT_CONVERSION = YES;
				CLANG_WARN_DIRECT_OBJC_ISA_USAGE = YES_ERROR;
				CLANG_WARN_DOCUMENTATION_COMMENTS = YES;
				CLANG_WARN_EMPTY_BODY = YES;
				CLANG_WARN_ENUM_CONVERSION = YES;
				CLANG_WARN_INFINITE_RECURSION = YES;
				CLANG_WARN_INT_CONVERSION = YES;
				CLANG_WARN_OBJC_ROOT_CLASS = YES_ERROR;
				CLANG_WARN_SUSPICIOUS_MOVES = YES;
				CLANG_WARN_UNREACHABLE_CODE = YES;
				CLANG_WARN__DUPLICATE_METHOD_MATCH = YES;
				"CODE_SIGN_IDENTITY[sdk=iphoneos*]" = "iPhone Developer";
				COPY_PHASE_STRIP = NO;
				DEBUG_INFORMATION_FORMAT = dwarf;
				ENABLE_STRICT_OBJC_MSGSEND = YES;
				ENABLE_TESTABILITY = YES;
				GCC_C_LANGUAGE_STANDARD = gnu99;
				GCC_DYNAMIC_NO_PIC = NO;
				GCC_NO_COMMON_BLOCKS = YES;
				GCC_OPTIMIZATION_LEVEL = 0;
				GCC_PREPROCESSOR_DEFINITIONS = (
					"DEBUG=1",
					"$(inherited)",
				);
				GCC_WARN_64_TO_32_BIT_CONVERSION = YES;
				GCC_WARN_ABOUT_RETURN_TYPE = YES_ERROR;
				GCC_WARN_UNDECLARED_SELECTOR = YES;
				GCC_WARN_UNINITIALIZED_AUTOS = YES_AGGRESSIVE;
				GCC_WARN_UNUSED_FUNCTION = YES;
				GCC_WARN_UNUSED_VARIABLE = YES;
				IPHONEOS_DEPLOYMENT_TARGET = 10.1;
				MTL_ENABLE_DEBUG_INFO = YES;
				ONLY_ACTIVE_ARCH = YES;
				SDKROOT = iphoneos;
			};
			name = Debug;
		};
		F5C264481E1F65860074B655 /* Release */ = {
			isa = XCBuildConfiguration;
			buildSettings = {
				ALWAYS_SEARCH_USER_PATHS = NO;
				CLANG_ANALYZER_NONNULL = YES;
				CLANG_CXX_LANGUAGE_STANDARD = "gnu++0x";
				CLANG_CXX_LIBRARY = "libc++";
				CLANG_ENABLE_MODULES = YES;
				CLANG_ENABLE_OBJC_ARC = YES;
				CLANG_WARN_BOOL_CONVERSION = YES;
				CLANG_WARN_CONSTANT_CONVERSION = YES;
				CLANG_WARN_DIRECT_OBJC_ISA_USAGE = YES_ERROR;
				CLANG_WARN_DOCUMENTATION_COMMENTS = YES;
				CLANG_WARN_EMPTY_BODY = YES;
				CLANG_WARN_ENUM_CONVERSION = YES;
				CLANG_WARN_INFINITE_RECURSION = YES;
				CLANG_WARN_INT_CONVERSION = YES;
				CLANG_WARN_OBJC_ROOT_CLASS = YES_ERROR;
				CLANG_WARN_SUSPICIOUS_MOVES = YES;
				CLANG_WARN_UNREACHABLE_CODE = YES;
				CLANG_WARN__DUPLICATE_METHOD_MATCH = YES;
				"CODE_SIGN_IDENTITY[sdk=iphoneos*]" = "iPhone Developer";
				COPY_PHASE_STRIP = NO;
				DEBUG_INFORMATION_FORMAT = "dwarf-with-dsym";
				ENABLE_NS_ASSERTIONS = NO;
				ENABLE_STRICT_OBJC_MSGSEND = YES;
				GCC_C_LANGUAGE_STANDARD = gnu99;
				GCC_NO_COMMON_BLOCKS = YES;
				GCC_WARN_64_TO_32_BIT_CONVERSION = YES;
				GCC_WARN_ABOUT_RETURN_TYPE = YES_ERROR;
				GCC_WARN_UNDECLARED_SELECTOR = YES;
				GCC_WARN_UNINITIALIZED_AUTOS = YES_AGGRESSIVE;
				GCC_WARN_UNUSED_FUNCTION = YES;
				GCC_WARN_UNUSED_VARIABLE = YES;
				IPHONEOS_DEPLOYMENT_TARGET = 10.1;
				MTL_ENABLE_DEBUG_INFO = NO;
				SDKROOT = iphoneos;
				VALIDATE_PRODUCT = YES;
			};
			name = Release;
		};
		F5C2644A1E1F65860074B655 /* Debug */ = {
			isa = XCBuildConfiguration;
			buildSettings = {
				ASSETCATALOG_COMPILER_APPICON_NAME = AppIcon;
				DEVELOPMENT_TEAM = JPGD28C7PA;
				INFOPLIST_FILE = THULayerTest/Info.plist;
				IPHONEOS_DEPLOYMENT_TARGET = 8.0;
				LD_RUNPATH_SEARCH_PATHS = "$(inherited) @executable_path/Frameworks";
				PRODUCT_BUNDLE_IDENTIFIER = com.tsinghua.THULayerTest;
				PRODUCT_NAME = "$(TARGET_NAME)";
			};
			name = Debug;
		};
		F5C2644B1E1F65860074B655 /* Release */ = {
			isa = XCBuildConfiguration;
			buildSettings = {
				ASSETCATALOG_COMPILER_APPICON_NAME = AppIcon;
				DEVELOPMENT_TEAM = JPGD28C7PA;
				INFOPLIST_FILE = THULayerTest/Info.plist;
				IPHONEOS_DEPLOYMENT_TARGET = 8.0;
				LD_RUNPATH_SEARCH_PATHS = "$(inherited) @executable_path/Frameworks";
				PRODUCT_BUNDLE_IDENTIFIER = com.tsinghua.THULayerTest;
				PRODUCT_NAME = "$(TARGET_NAME)";
			};
			name = Release;
		};
/* End XCBuildConfiguration section */

/* Begin XCConfigurationList section */
		F5C2642D1E1F65860074B655 /* Build configuration list for PBXProject "THULayerTest" */ = {
			isa = XCConfigurationList;
			buildConfigurations = (
				F5C264471E1F65860074B655 /* Debug */,
				F5C264481E1F65860074B655 /* Release */,
			);
			defaultConfigurationIsVisible = 0;
			defaultConfigurationName = Release;
		};
		F5C264491E1F65860074B655 /* Build configuration list for PBXNativeTarget "THULayerTest" */ = {
			isa = XCConfigurationList;
			buildConfigurations = (
				F5C2644A1E1F65860074B655 /* Debug */,
				F5C2644B1E1F65860074B655 /* Release */,
			);
			defaultConfigurationIsVisible = 0;
			defaultConfigurationName = Release;
		};
/* End XCConfigurationList section */
	};
	rootObject = F5C2642A1E1F65860074B655 /* Project object */;
}
